version: 2.0
shards:
  ameba:
    git: https://github.com/crystal-ameba/ameba.git
    version: 1.6.4

  archive:
    git: https://github.com/vrsandeep/archive.cr.git
    version: 0.6.0

  backtracer:
    git: https://github.com/sija/backtracer.cr.git
    version: 1.2.4

  baked_file_system:
    git: https://github.com/schovi/baked_file_system.git
    version: 0.10.0

  clim:
    git: https://github.com/at-grandpa/clim.git
    version: 0.17.1

  db:
    git: https://github.com/crystal-lang/crystal-db.git
    version: 0.13.1

  duktape:
    git: https://github.com/jessedoyle/duktape.cr.git
    version: 1.1.0

  exception_page:
    git: https://github.com/crystal-loot/exception_page.git
    version: 0.4.1

  http_proxy:
    git: https://github.com/mamantoha/http_proxy.git
    version: 0.13.0

  image_size:
    git: https://github.com/n-pn/image_size.cr.git
    version: 0.5.1+git.commit.de5542313b6ad5f8769f30936eb7de68829c87b1

  kemal:
    git: https://github.com/kemalcr/kemal.git
    version: 1.6.0

  kemal-session:
    git: https://github.com/kemalcr/kemal-session.git
    version: 1.0.0

  koa:
    git: https://github.com/hkalexling/koa.git
    version: 0.9.0

  lexbor:
    git: https://github.com/kostya/lexbor.git
    version: 3.3.2

  mg:
    git: https://github.com/vrsandeep/mg.git
    version: 0.6.0+git.commit.21420590cf13f1b2a9b0d23eaac4cc6f7dab11b8

  open_api:
    git: https://github.com/hkalexling/open_api.cr.git
    version: 1.2.1+git.commit.1d3c55dd5534c6b0af18964d031858a08515553a

  radix:
    git: https://github.com/luislavena/radix.git
    version: 0.4.1

  sanitize:
    git: https://github.com/straight-shoota/sanitize.git
    version: 0.1.0+git.commit.c17d933fed22c6d3d615cca91a895166414389af

  sqlite3:
    git: https://github.com/crystal-lang/crystal-sqlite3.git
    version: 0.21.0

  tallboy:
    git: https://github.com/epoch/tallboy.git
    version: 0.9.3+git.commit.9be1510bb0391c95e92f1b288f3afb429a73caa6

